
Microsoft Visual Studio Solution File, Format Version 12.00
# Visual Studio 14
VisualStudioVersion = 14.0.25420.1
MinimumVisualStudioVersion = 10.0.40219.1
Project("{FAE04EC0-301F-11D3-BF4B-00C04F79EFBC}") = "EsbjergCityBackend", "EsbjergCityBackend\EsbjergCityBackend.csproj", "{6A8F95B1-A97B-4951-B5FD-3C71671A1AF1}"
EndProject
Project("{FAE04EC0-301F-11D3-BF4B-00C04F79EFBC}") = "EsbjergCityBackend.Tests", "EsbjergCityBackend.Tests\EsbjergCityBackend.Tests.csproj", "{C749656B-BF97-4DC7-8553-D52E8DC7F98D}"
EndProject
Project("{FAE04EC0-301F-11D3-BF4B-00C04F79EFBC}") = "DataAccessLayer", "DataAccessLayer\DataAccessLayer.csproj", "{53915617-6734-4D92-8D76-4A838DBA79D7}"
EndProject
Global
	GlobalSection(SolutionConfigurationPlatforms) = preSolution
		Debug|Any CPU = Debug|Any CPU
		Release|Any CPU = Release|Any CPU
	EndGlobalSection
	GlobalSection(ProjectConfigurationPlatforms) = postSolution
		{6A8F95B1-A97B-4951-B5FD-3C71671A1AF1}.Debug|Any CPU.ActiveCfg = Debug|Any CPU
		{6A8F95B1-A97B-4951-B5FD-3C71671A1AF1}.Debug|Any CPU.Build.0 = Debug|Any CPU
		{6A8F95B1-A97B-4951-B5FD-3C71671A1AF1}.Release|Any CPU.ActiveCfg = Release|Any CPU
		{6A8F95B1-A97B-4951-B5FD-3C71671A1AF1}.Release|Any CPU.Build.0 = Release|Any CPU
		{C749656B-BF97-4DC7-8553-D52E8DC7F98D}.Debug|Any CPU.ActiveCfg = Debug|Any CPU
		{C749656B-BF97-4DC7-8553-D52E8DC7F98D}.Debug|Any CPU.Build.0 = Debug|Any CPU
		{C749656B-BF97-4DC7-8553-D52E8DC7F98D}.Release|Any CPU.ActiveCfg = Release|Any CPU
		{C749656B-BF97-4DC7-8553-D52E8DC7F98D}.Release|Any CPU.Build.0 = Release|Any CPU
		{53915617-6734-4D92-8D76-4A838DBA79D7}.Debug|Any CPU.ActiveCfg = Debug|Any CPU
		{53915617-6734-4D92-8D76-4A838DBA79D7}.Debug|Any CPU.Build.0 = Debug|Any CPU
		{53915617-6734-4D92-8D76-4A838DBA79D7}.Release|Any CPU.ActiveCfg = Release|Any CPU
		{53915617-6734-4D92-8D76-4A838DBA79D7}.Release|Any CPU.Build.0 = Release|Any CPU
	EndGlobalSection
	GlobalSection(SolutionProperties) = preSolution
		HideSolutionNode = FALSE
	EndGlobalSection
EndGlobal
